// !$*UTF8*$!
{
	archiveVersion = 1;
	classes = {
	};
	objectVersion = 56;
	objects = {

/* Begin PBXBuildFile section */
		8938BA4528EF99F2009ADB45 /* Dynamic_Island___Custom_ProgressApp.swift in Sources */ = {isa = PBXBuildFile; fileRef = 8938BA4428EF99F2009ADB45 /* Dynamic_Island___Custom_ProgressApp.swift */; };
		8938BA4728EF99F2009ADB45 /* ContentView.swift in Sources */ = {isa = PBXBuildFile; fileRef = 8938BA4628EF99F2009ADB45 /* ContentView.swift */; };
		8938BA4928EF99F3009ADB45 /* Assets.xcassets in Resources */ = {isa = PBXBuildFile; fileRef = 8938BA4828EF99F3009ADB45 /* Assets.xcassets */; };
		8938BA4C28EF99F3009ADB45 /* Preview Assets.xcassets in Resources */ = {isa = PBXBuildFile; fileRef = 8938BA4B28EF99F3009ADB45 /* Preview Assets.xcassets */; };
		8938BA5628EF99F3009ADB45 /* Dynamic_Island___Custom_ProgressTests.swift in Sources */ = {isa = PBXBuildFile; fileRef = 8938BA5528EF99F3009ADB45 /* Dynamic_Island___Custom_ProgressTests.swift */; };
		8938BA6028EF99F3009ADB45 /* Dynamic_Island___Custom_ProgressUITests.swift in Sources */ = {isa = PBXBuildFile; fileRef = 8938BA5F28EF99F3009ADB45 /* Dynamic_Island___Custom_ProgressUITests.swift */; };
		8938BA6228EF99F3009ADB45 /* Dynamic_Island___Custom_ProgressUITestsLaunchTests.swift in Sources */ = {isa = PBXBuildFile; fileRef = 8938BA6128EF99F3009ADB45 /* Dynamic_Island___Custom_ProgressUITestsLaunchTests.swift */; };
/* End PBXBuildFile section */

/* Begin PBXContainerItemProxy section */
		8938BA5228EF99F3009ADB45 /* PBXContainerItemProxy */ = {
			isa = PBXContainerItemProxy;
			containerPortal = 8938BA3928EF99F2009ADB45 /* Project object */;
			proxyType = 1;
			remoteGlobalIDString = 8938BA4028EF99F2009ADB45;
			remoteInfo = "Dynamic Island - Custom Progress";
		};
		8938BA5C28EF99F3009ADB45 /* PBXContainerItemProxy */ = {
			isa = PBXContainerItemProxy;
			containerPortal = 8938BA3928EF99F2009ADB45 /* Project object */;
			proxyType = 1;
			remoteGlobalIDString = 8938BA4028EF99F2009ADB45;
			remoteInfo = "Dynamic Island - Custom Progress";
		};
/* End PBXContainerItemProxy section */

/* Begin PBXFileReference section */
		8938BA4128EF99F2009ADB45 /* Dynamic Island - Custom Progress.app */ = {isa = PBXFileReference; explicitFileType = wrapper.application; includeInIndex = 0; path = "Dynamic Island - Custom Progress.app"; sourceTree = BUILT_PRODUCTS_DIR; };
		8938BA4428EF99F2009ADB45 /* Dynamic_Island___Custom_ProgressApp.swift */ = {isa = PBXFileReference; lastKnownFileType = sourcecode.swift; path = "Dynamic_Island___Custom_ProgressApp.swift"; sourceTree = "<group>"; };
		8938BA4628EF99F2009ADB45 /* ContentView.swift */ = {isa = PBXFileReference; lastKnownFileType = sourcecode.swift; path = ContentView.swift; sourceTree = "<group>"; };
		8938BA4828EF99F3009ADB45 /* Assets.xcassets */ = {isa = PBXFileReference; lastKnownFileType = folder.assetcatalog; path = Assets.xcassets; sourceTree = "<group>"; };
		8938BA4B28EF99F3009ADB45 /* Preview Assets.xcassets */ = {isa = PBXFileReference; lastKnownFileType = folder.assetcatalog; path = "Preview Assets.xcassets"; sourceTree = "<group>"; };
		8938BA5128EF99F3009ADB45 /* Dynamic Island - Custom ProgressTests.xctest */ = {isa = PBXFileReference; explicitFileType = wrapper.cfbundle; includeInIndex = 0; path = "Dynamic Island - Custom ProgressTests.xctest"; sourceTree = BUILT_PRODUCTS_DIR; };
		8938BA5528EF99F3009ADB45 /* Dynamic_Island___Custom_ProgressTests.swift */ = {isa = PBXFileReference; lastKnownFileType = sourcecode.swift; path = "Dynamic_Island___Custom_ProgressTests.swift"; sourceTree = "<group>"; };
		8938BA5B28EF99F3009ADB45 /* Dynamic Island - Custom ProgressUITests.xctest */ = {isa = PBXFileReference; explicitFileType = wrapper.cfbundle; includeInIndex = 0; path = "Dynamic Island - Custom ProgressUITests.xctest"; sourceTree = BUILT_PRODUCTS_DIR; };
		8938BA5F28EF99F3009ADB45 /* Dynamic_Island___Custom_ProgressUITests.swift */ = {isa = PBXFileReference; lastKnownFileType = sourcecode.swift; path = "Dynamic_Island___Custom_ProgressUITests.swift"; sourceTree = "<group>"; };
		8938BA6128EF99F3009ADB45 /* Dynamic_Island___Custom_ProgressUITestsLaunchTests.swift */ = {isa = PBXFileReference; lastKnownFileType = sourcecode.swift; path = "Dynamic_Island___Custom_ProgressUITestsLaunchTests.swift"; sourceTree = "<group>"; };
/* End PBXFileReference section */

/* Begin PBXFrameworksBuildPhase section */
		8938BA3E28EF99F2009ADB45 /* Frameworks */ = {
			isa = PBXFrameworksBuildPhase;
			buildActionMask = 2147483647;
			files = (
			);
			runOnlyForDeploymentPostprocessing = 0;
		};
		8938BA4E28EF99F3009ADB45 /* Frameworks */ = {
			isa = PBXFrameworksBuildPhase;
			buildActionMask = 2147483647;
			files = (
			);
			runOnlyForDeploymentPostprocessing = 0;
		};
		8938BA5828EF99F3009ADB45 /* Frameworks */ = {
			isa = PBXFrameworksBuildPhase;
			buildActionMask = 2147483647;
			files = (
			);
			runOnlyForDeploymentPostprocessing = 0;
		};
/* End PBXFrameworksBuildPhase section */

/* Begin PBXGroup section */
		8938BA3828EF99F2009ADB45 = {
			isa = PBXGroup;
			children = (
				8938BA4328EF99F2009ADB45 /* Dynamic Island - Custom Progress */,
				8938BA5428EF99F3009ADB45 /* Dynamic Island - Custom ProgressTests */,
				8938BA5E28EF99F3009ADB45 /* Dynamic Island - Custom ProgressUITests */,
				8938BA4228EF99F2009ADB45 /* Products */,
			);
			sourceTree = "<group>";
		};
		8938BA4228EF99F2009ADB45 /* Products */ = {
			isa = PBXGroup;
			children = (
				8938BA4128EF99F2009ADB45 /* Dynamic Island - Custom Progress.app */,
				8938BA5128EF99F3009ADB45 /* Dynamic Island - Custom ProgressTests.xctest */,
				8938BA5B28EF99F3009ADB45 /* Dynamic Island - Custom ProgressUITests.xctest */,
			);
			name = Products;
			sourceTree = "<group>";
		};
		8938BA4328EF99F2009ADB45 /* Dynamic Island - Custom Progress */ = {
			isa = PBXGroup;
			children = (
				8938BA4428EF99F2009ADB45 /* Dynamic_Island___Custom_ProgressApp.swift */,
				8938BA4628EF99F2009ADB45 /* ContentView.swift */,
				8938BA4828EF99F3009ADB45 /* Assets.xcassets */,
				8938BA4A28EF99F3009ADB45 /* Preview Content */,
			);
			path = "Dynamic Island - Custom Progress";
			sourceTree = "<group>";
		};
		8938BA4A28EF99F3009ADB45 /* Preview Content */ = {
			isa = PBXGroup;
			children = (
				8938BA4B28EF99F3009ADB45 /* Preview Assets.xcassets */,
			);
			path = "Preview Content";
			sourceTree = "<group>";
		};
		8938BA5428EF99F3009ADB45 /* Dynamic Island - Custom ProgressTests */ = {
			isa = PBXGroup;
			children = (
				8938BA5528EF99F3009ADB45 /* Dynamic_Island___Custom_ProgressTests.swift */,
			);
			path = "Dynamic Island - Custom ProgressTests";
			sourceTree = "<group>";
		};
		8938BA5E28EF99F3009ADB45 /* Dynamic Island - Custom ProgressUITests */ = {
			isa = PBXGroup;
			children = (
				8938BA5F28EF99F3009ADB45 /* Dynamic_Island___Custom_ProgressUITests.swift */,
				8938BA6128EF99F3009ADB45 /* Dynamic_Island___Custom_ProgressUITestsLaunchTests.swift */,
			);
			path = "Dynamic Island - Custom ProgressUITests";
			sourceTree = "<group>";
		};
/* End PBXGroup section */

/* Begin PBXNativeTarget section */
		8938BA4028EF99F2009ADB45 /* Dynamic Island - Custom Progress */ = {
			isa = PBXNativeTarget;
			buildConfigurationList = 8938BA6528EF99F3009ADB45 /* Build configuration list for PBXNativeTarget "Dynamic Island - Custom Progress" */;
			buildPhases = (
				8938BA3D28EF99F2009ADB45 /* Sources */,
				8938BA3E28EF99F2009ADB45 /* Frameworks */,
				8938BA3F28EF99F2009ADB45 /* Resources */,
			);
			buildRules = (
			);
			dependencies = (
			);
			name = "Dynamic Island - Custom Progress";
			productName = "Dynamic Island - Custom Progress";
			productReference = 8938BA4128EF99F2009ADB45 /* Dynamic Island - Custom Progress.app */;
			productType = "com.apple.product-type.application";
		};
		8938BA5028EF99F3009ADB45 /* Dynamic Island - Custom ProgressTests */ = {
			isa = PBXNativeTarget;
			buildConfigurationList = 8938BA6828EF99F3009ADB45 /* Build configuration list for PBXNativeTarget "Dynamic Island - Custom ProgressTests" */;
			buildPhases = (
				8938BA4D28EF99F3009ADB45 /* Sources */,
				8938BA4E28EF99F3009ADB45 /* Frameworks */,
				8938BA4F28EF99F3009ADB45 /* Resources */,
			);
			buildRules = (
			);
			dependencies = (
				8938BA5328EF99F3009ADB45 /* PBXTargetDependency */,
			);
			name = "Dynamic Island - Custom ProgressTests";
			productName = "Dynamic Island - Custom ProgressTests";
			productReference = 8938BA5128EF99F3009ADB45 /* Dynamic Island - Custom ProgressTests.xctest */;
			productType = "com.apple.product-type.bundle.unit-test";
		};
		8938BA5A28EF99F3009ADB45 /* Dynamic Island - Custom ProgressUITests */ = {
			isa = PBXNativeTarget;
			buildConfigurationList = 8938BA6B28EF99F3009ADB45 /* Build configuration list for PBXNativeTarget "Dynamic Island - Custom ProgressUITests" */;
			buildPhases = (
				8938BA5728EF99F3009ADB45 /* Sources */,
				8938BA5828EF99F3009ADB45 /* Frameworks */,
				8938BA5928EF99F3009ADB45 /* Resources */,
			);
			buildRules = (
			);
			dependencies = (
				8938BA5D28EF99F3009ADB45 /* PBXTargetDependency */,
			);
			name = "Dynamic Island - Custom ProgressUITests";
			productName = "Dynamic Island - Custom ProgressUITests";
			productReference = 8938BA5B28EF99F3009ADB45 /* Dynamic Island - Custom ProgressUITests.xctest */;
			productType = "com.apple.product-type.bundle.ui-testing";
		};
/* End PBXNativeTarget section */

/* Begin PBXProject section */
		8938BA3928EF99F2009ADB45 /* Project object */ = {
			isa = PBXProject;
			attributes = {
				BuildIndependentTargetsInParallel = 1;
				LastSwiftUpdateCheck = 1400;
				LastUpgradeCheck = 1400;
				TargetAttributes = {
					8938BA4028EF99F2009ADB45 = {
						CreatedOnToolsVersion = 14.0.1;
					};
					8938BA5028EF99F3009ADB45 = {
						CreatedOnToolsVersion = 14.0.1;
						TestTargetID = 8938BA4028EF99F2009ADB45;
					};
					8938BA5A28EF99F3009ADB45 = {
						CreatedOnToolsVersion = 14.0.1;
						TestTargetID = 8938BA4028EF99F2009ADB45;
					};
				};
			};
			buildConfigurationList = 8938BA3C28EF99F2009ADB45 /* Build configuration list for PBXProject "Dynamic Island - Custom Progress" */;
			compatibilityVersion = "Xcode 14.0";
			developmentRegion = en;
			hasScannedForEncodings = 0;
			knownRegions = (
				en,
				Base,
			);
			mainGroup = 8938BA3828EF99F2009ADB45;
			productRefGroup = 8938BA4228EF99F2009ADB45 /* Products */;
			projectDirPath = "";
			projectRoot = "";
			targets = (
				8938BA4028EF99F2009ADB45 /* Dynamic Island - Custom Progress */,
				8938BA5028EF99F3009ADB45 /* Dynamic Island - Custom ProgressTests */,
				8938BA5A28EF99F3009ADB45 /* Dynamic Island - Custom ProgressUITests */,
			);
		};
/* End PBXProject section */

/* Begin PBXResourcesBuildPhase section */
		8938BA3F28EF99F2009ADB45 /* Resources */ = {
			isa = PBXResourcesBuildPhase;
			buildActionMask = 2147483647;
			files = (
				8938BA4C28EF99F3009ADB45 /* Preview Assets.xcassets in Resources */,
				8938BA4928EF99F3009ADB45 /* Assets.xcassets in Resources */,
			);
			runOnlyForDeploymentPostprocessing = 0;
		};
		8938BA4F28EF99F3009ADB45 /* Resources */ = {
			isa = PBXResourcesBuildPhase;
			buildActionMask = 2147483647;
			files = (
			);
			runOnlyForDeploymentPostprocessing = 0;
		};
		8938BA5928EF99F3009ADB45 /* Resources */ = {
			isa = PBXResourcesBuildPhase;
			buildActionMask = 2147483647;
			files = (
			);
			runOnlyForDeploymentPostprocessing = 0;
		};
/* End PBXResourcesBuildPhase section */

/* Begin PBXSourcesBuildPhase section */
		8938BA3D28EF99F2009ADB45 /* Sources */ = {
			isa = PBXSourcesBuildPhase;
			buildActionMask = 2147483647;
			files = (
				8938BA4728EF99F2009ADB45 /* ContentView.swift in Sources */,
				8938BA4528EF99F2009ADB45 /* Dynamic_Island___Custom_ProgressApp.swift in Sources */,
			);
			runOnlyForDeploymentPostprocessing = 0;
		};
		8938BA4D28EF99F3009ADB45 /* Sources */ = {
			isa = PBXSourcesBuildPhase;
			buildActionMask = 2147483647;
			files = (
				8938BA5628EF99F3009ADB45 /* Dynamic_Island___Custom_ProgressTests.swift in Sources */,
			);
			runOnlyForDeploymentPostprocessing = 0;
		};
		8938BA5728EF99F3009ADB45 /* Sources */ = {
			isa = PBXSourcesBuildPhase;
			buildActionMask = 2147483647;
			files = (
				8938BA6028EF99F3009ADB45 /* Dynamic_Island___Custom_ProgressUITests.swift in Sources */,
				8938BA6228EF99F3009ADB45 /* Dynamic_Island___Custom_ProgressUITestsLaunchTests.swift in Sources */,
			);
			runOnlyForDeploymentPostprocessing = 0;
		};
/* End PBXSourcesBuildPhase section */

/* Begin PBXTargetDependency section */
		8938BA5328EF99F3009ADB45 /* PBXTargetDependency */ = {
			isa = PBXTargetDependency;
			target = 8938BA4028EF99F2009ADB45 /* Dynamic Island - Custom Progress */;
			targetProxy = 8938BA5228EF99F3009ADB45 /* PBXContainerItemProxy */;
		};
		8938BA5D28EF99F3009ADB45 /* PBXTargetDependency */ = {
			isa = PBXTargetDependency;
			target = 8938BA4028EF99F2009ADB45 /* Dynamic Island - Custom Progress */;
			targetProxy = 8938BA5C28EF99F3009ADB45 /* PBXContainerItemProxy */;
		};
/* End PBXTargetDependency section */

/* Begin XCBuildConfiguration section */
		8938BA6328EF99F3009ADB45 /* Debug */ = {
			isa = XCBuildConfiguration;
			buildSettings = {
				ALWAYS_SEARCH_USER_PATHS = NO;
				CLANG_ANALYZER_NONNULL = YES;
				CLANG_ANALYZER_NUMBER_OBJECT_CONVERSION = YES_AGGRESSIVE;
				CLANG_CXX_LANGUAGE_STANDARD = "gnu++20";
				CLANG_ENABLE_MODULES = YES;
				CLANG_ENABLE_OBJC_ARC = YES;
				CLANG_ENABLE_OBJC_WEAK = YES;
				CLANG_WARN_BLOCK_CAPTURE_AUTORELEASING = YES;
				CLANG_WARN_BOOL_CONVERSION = YES;
				CLANG_WARN_COMMA = YES;
				CLANG_WARN_CONSTANT_CONVERSION = YES;
				CLANG_WARN_DEPRECATED_OBJC_IMPLEMENTATIONS = YES;
				CLANG_WARN_DIRECT_OBJC_ISA_USAGE = YES_ERROR;
				CLANG_WARN_DOCUMENTATION_COMMENTS = YES;
				CLANG_WARN_EMPTY_BODY = YES;
				CLANG_WARN_ENUM_CONVERSION = YES;
				CLANG_WARN_INFINITE_RECURSION = YES;
				CLANG_WARN_INT_CONVERSION = YES;
				CLANG_WARN_NON_LITERAL_NULL_CONVERSION = YES;
				CLANG_WARN_OBJC_IMPLICIT_RETAIN_SELF = YES;
				CLANG_WARN_OBJC_LITERAL_CONVERSION = YES;
				CLANG_WARN_OBJC_ROOT_CLASS = YES_ERROR;
				CLANG_WARN_QUOTED_INCLUDE_IN_FRAMEWORK_HEADER = YES;
				CLANG_WARN_RANGE_LOOP_ANALYSIS = YES;
				CLANG_WARN_STRICT_PROTOTYPES = YES;
				CLANG_WARN_SUSPICIOUS_MOVE = YES;
				CLANG_WARN_UNGUARDED_AVAILABILITY = YES_AGGRESSIVE;
				CLANG_WARN_UNREACHABLE_CODE = YES;
				CLANG_WARN__DUPLICATE_METHOD_MATCH = YES;
				COPY_PHASE_STRIP = NO;
				DEBUG_INFORMATION_FORMAT = dwarf;
				ENABLE_STRICT_OBJC_MSGSEND = YES;
				ENABLE_TESTABILITY = YES;
				GCC_C_LANGUAGE_STANDARD = gnu11;
				GCC_DYNAMIC_NO_PIC = NO;
				GCC_NO_COMMON_BLOCKS = YES;
				GCC_OPTIMIZATION_LEVEL = 0;
				GCC_PREPROCESSOR_DEFINITIONS = (
					"DEBUG=1",
					"$(inherited)",
				);
				GCC_WARN_64_TO_32_BIT_CONVERSION = YES;
				GCC_WARN_ABOUT_RETURN_TYPE = YES_ERROR;
				GCC_WARN_UNDECLARED_SELECTOR = YES;
				GCC_WARN_UNINITIALIZED_AUTOS = YES_AGGRESSIVE;
				GCC_WARN_UNUSED_FUNCTION = YES;
				GCC_WARN_UNUSED_VARIABLE = YES;
				IPHONEOS_DEPLOYMENT_TARGET = 16.0;
				MTL_ENABLE_DEBUG_INFO = INCLUDE_SOURCE;
				MTL_FAST_MATH = YES;
				ONLY_ACTIVE_ARCH = YES;
				SDKROOT = iphoneos;
				SWIFT_ACTIVE_COMPILATION_CONDITIONS = DEBUG;
				SWIFT_OPTIMIZATION_LEVEL = "-Onone";
			};
			name = Debug;
		};
		8938BA6428EF99F3009ADB45 /* Release */ = {
			isa = XCBuildConfiguration;
			buildSettings = {
				ALWAYS_SEARCH_USER_PATHS = NO;
				CLANG_ANALYZER_NONNULL = YES;
				CLANG_ANALYZER_NUMBER_OBJECT_CONVERSION = YES_AGGRESSIVE;
				CLANG_CXX_LANGUAGE_STANDARD = "gnu++20";
				CLANG_ENABLE_MODULES = YES;
				CLANG_ENABLE_OBJC_ARC = YES;
				CLANG_ENABLE_OBJC_WEAK = YES;
				CLANG_WARN_BLOCK_CAPTURE_AUTORELEASING = YES;
				CLANG_WARN_BOOL_CONVERSION = YES;
				CLANG_WARN_COMMA = YES;
				CLANG_WARN_CONSTANT_CONVERSION = YES;
				CLANG_WARN_DEPRECATED_OBJC_IMPLEMENTATIONS = YES;
				CLANG_WARN_DIRECT_OBJC_ISA_USAGE = YES_ERROR;
				CLANG_WARN_DOCUMENTATION_COMMENTS = YES;
				CLANG_WARN_EMPTY_BODY = YES;
				CLANG_WARN_ENUM_CONVERSION = YES;
				CLANG_WARN_INFINITE_RECURSION = YES;
				CLANG_WARN_INT_CONVERSION = YES;
				CLANG_WARN_NON_LITERAL_NULL_CONVERSION = YES;
				CLANG_WARN_OBJC_IMPLICIT_RETAIN_SELF = YES;
				CLANG_WARN_OBJC_LITERAL_CONVERSION = YES;
				CLANG_WARN_OBJC_ROOT_CLASS = YES_ERROR;
				CLANG_WARN_QUOTED_INCLUDE_IN_FRAMEWORK_HEADER = YES;
				CLANG_WARN_RANGE_LOOP_ANALYSIS = YES;
				CLANG_WARN_STRICT_PROTOTYPES = YES;
				CLANG_WARN_SUSPICIOUS_MOVE = YES;
				CLANG_WARN_UNGUARDED_AVAILABILITY = YES_AGGRESSIVE;
				CLANG_WARN_UNREACHABLE_CODE = YES;
				CLANG_WARN__DUPLICATE_METHOD_MATCH = YES;
				COPY_PHASE_STRIP = NO;
				DEBUG_INFORMATION_FORMAT = "dwarf-with-dsym";
				ENABLE_NS_ASSERTIONS = NO;
				ENABLE_STRICT_OBJC_MSGSEND = YES;
				GCC_C_LANGUAGE_STANDARD = gnu11;
				GCC_NO_COMMON_BLOCKS = YES;
				GCC_WARN_64_TO_32_BIT_CONVERSION = YES;
				GCC_WARN_ABOUT_RETURN_TYPE = YES_ERROR;
				GCC_WARN_UNDECLARED_SELECTOR = YES;
				GCC_WARN_UNINITIALIZED_AUTOS = YES_AGGRESSIVE;
				GCC_WARN_UNUSED_FUNCTION = YES;
				GCC_WARN_UNUSED_VARIABLE = YES;
				IPHONEOS_DEPLOYMENT_TARGET = 16.0;
				MTL_ENABLE_DEBUG_INFO = NO;
				MTL_FAST_MATH = YES;
				SDKROOT = iphoneos;
				SWIFT_COMPILATION_MODE = wholemodule;
				SWIFT_OPTIMIZATION_LEVEL = "-O";
				VALIDATE_PRODUCT = YES;
			};
			name = Release;
		};
		8938BA6628EF99F3009ADB45 /* Debug */ = {
			isa = XCBuildConfiguration;
			buildSettings = {
				ASSETCATALOG_COMPILER_APPICON_NAME = AppIcon;
				ASSETCATALOG_COMPILER_GLOBAL_ACCENT_COLOR_NAME = AccentColor;
				CODE_SIGN_STYLE = Automatic;
				CURRENT_PROJECT_VERSION = 1;
				DEVELOPMENT_ASSET_PATHS = "\"Dynamic Island - Custom Progress/Preview Content\"";
				DEVELOPMENT_TEAM = W3V4BLJFW7;
				ENABLE_PREVIEWS = YES;
				GENERATE_INFOPLIST_FILE = YES;
				INFOPLIST_KEY_UIApplicationSceneManifest_Generation = YES;
				INFOPLIST_KEY_UIApplicationSupportsIndirectInputEvents = YES;
				INFOPLIST_KEY_UILaunchScreen_Generation = YES;
				INFOPLIST_KEY_UISupportedInterfaceOrientations_iPad = "UIInterfaceOrientationPortrait UIInterfaceOrientationPortraitUpsideDown UIInterfaceOrientationLandscapeLeft UIInterfaceOrientationLandscapeRight";
				INFOPLIST_KEY_UISupportedInterfaceOrientations_iPhone = "UIInterfaceOrientationPortrait UIInterfaceOrientationLandscapeLeft UIInterfaceOrientationLandscapeRight";
				LD_RUNPATH_SEARCH_PATHS = (
					"$(inherited)",
					"@executable_path/Frameworks",
				);
				MARKETING_VERSION = 1.0;
				PRODUCT_BUNDLE_IDENTIFIER = "vladimirsukhikh.Dynamic-Island---Custom-Progress";
				PRODUCT_NAME = "$(TARGET_NAME)";
				SWIFT_EMIT_LOC_STRINGS = YES;
				SWIFT_VERSION = 5.0;
				TARGETED_DEVICE_FAMILY = "1,2";
			};
			name = Debug;
		};
		8938BA6728EF99F3009ADB45 /* Release */ = {
			isa = XCBuildConfiguration;
			buildSettings = {
				ASSETCATALOG_COMPILER_APPICON_NAME = AppIcon;
				ASSETCATALOG_COMPILER_GLOBAL_ACCENT_COLOR_NAME = AccentColor;
				CODE_SIGN_STYLE = Automatic;
				CURRENT_PROJECT_VERSION = 1;
				DEVELOPMENT_ASSET_PATHS = "\"Dynamic Island - Custom Progress/Preview Content\"";
				DEVELOPMENT_TEAM = W3V4BLJFW7;
				ENABLE_PREVIEWS = YES;
				GENERATE_INFOPLIST_FILE = YES;
				INFOPLIST_KEY_UIApplicationSceneManifest_Generation = YES;
				INFOPLIST_KEY_UIApplicationSupportsIndirectInputEvents = YES;
				INFOPLIST_KEY_UILaunchScreen_Generation = YES;
				INFOPLIST_KEY_UISupportedInterfaceOrientations_iPad = "UIInterfaceOrientationPortrait UIInterfaceOrientationPortraitUpsideDown UIInterfaceOrientationLandscapeLeft UIInterfaceOrientationLandscapeRight";
				INFOPLIST_KEY_UISupportedInterfaceOrientations_iPhone = "UIInterfaceOrientationPortrait UIInterfaceOrientationLandscapeLeft UIInterfaceOrientationLandscapeRight";
				LD_RUNPATH_SEARCH_PATHS = (
					"$(inherited)",
					"@executable_path/Frameworks",
				);
				MARKETING_VERSION = 1.0;
				PRODUCT_BUNDLE_IDENTIFIER = "vladimirsukhikh.Dynamic-Island---Custom-Progress";
				PRODUCT_NAME = "$(TARGET_NAME)";
				SWIFT_EMIT_LOC_STRINGS = YES;
				SWIFT_VERSION = 5.0;
				TARGETED_DEVICE_FAMILY = "1,2";
			};
			name = Release;
		};
		8938BA6928EF99F3009ADB45 /* Debug */ = {
			isa = XCBuildConfiguration;
			buildSettings = {
				ALWAYS_EMBED_SWIFT_STANDARD_LIBRARIES = YES;
				BUNDLE_LOADER = "$(TEST_HOST)";
				CODE_SIGN_STYLE = Automatic;
				CURRENT_PROJECT_VERSION = 1;
				DEVELOPMENT_TEAM = W3V4BLJFW7;
				GENERATE_INFOPLIST_FILE = YES;
				IPHONEOS_DEPLOYMENT_TARGET = 16.0;
				MARKETING_VERSION = 1.0;
				PRODUCT_BUNDLE_IDENTIFIER = "vladimirsukhikh.Dynamic-Island---Custom-ProgressTests";
				PRODUCT_NAME = "$(TARGET_NAME)";
				SWIFT_EMIT_LOC_STRINGS = NO;
				SWIFT_VERSION = 5.0;
				TARGETED_DEVICE_FAMILY = "1,2";
				TEST_HOST = "$(BUILT_PRODUCTS_DIR)/Dynamic Island - Custom Progress.app/$(BUNDLE_EXECUTABLE_FOLDER_PATH)/Dynamic Island - Custom Progress";
			};
			name = Debug;
		};
		8938BA6A28EF99F3009ADB45 /* Release */ = {
			isa = XCBuildConfiguration;
			buildSettings = {
				ALWAYS_EMBED_SWIFT_STANDARD_LIBRARIES = YES;
				BUNDLE_LOADER = "$(TEST_HOST)";
				CODE_SIGN_STYLE = Automatic;
				CURRENT_PROJECT_VERSION = 1;
				DEVELOPMENT_TEAM = W3V4BLJFW7;
				GENERATE_INFOPLIST_FILE = YES;
				IPHONEOS_DEPLOYMENT_TARGET = 16.0;
				MARKETING_VERSION = 1.0;
				PRODUCT_BUNDLE_IDENTIFIER = "vladimirsukhikh.Dynamic-Island---Custom-ProgressTests";
				PRODUCT_NAME = "$(TARGET_NAME)";
				SWIFT_EMIT_LOC_STRINGS = NO;
				SWIFT_VERSION = 5.0;
				TARGETED_DEVICE_FAMILY = "1,2";
				TEST_HOST = "$(BUILT_PRODUCTS_DIR)/Dynamic Island - Custom Progress.app/$(BUNDLE_EXECUTABLE_FOLDER_PATH)/Dynamic Island - Custom Progress";
			};
			name = Release;
		};
		8938BA6C28EF99F3009ADB45 /* Debug */ = {
			isa = XCBuildConfiguration;
			buildSettings = {
				ALWAYS_EMBED_SWIFT_STANDARD_LIBRARIES = YES;
				CODE_SIGN_STYLE = Automatic;
				CURRENT_PROJECT_VERSION = 1;
				DEVELOPMENT_TEAM = W3V4BLJFW7;
				GENERATE_INFOPLIST_FILE = YES;
				MARKETING_VERSION = 1.0;
				PRODUCT_BUNDLE_IDENTIFIER = "vladimirsukhikh.Dynamic-Island---Custom-ProgressUITests";
				PRODUCT_NAME = "$(TARGET_NAME)";
				SWIFT_EMIT_LOC_STRINGS = NO;
				SWIFT_VERSION = 5.0;
				TARGETED_DEVICE_FAMILY = "1,2";
				TEST_TARGET_NAME = "Dynamic Island - Custom Progress";
			};
			name = Debug;
		};
		8938BA6D28EF99F3009ADB45 /* Release */ = {
			isa = XCBuildConfiguration;
			buildSettings = {
				ALWAYS_EMBED_SWIFT_STANDARD_LIBRARIES = YES;
				CODE_SIGN_STYLE = Automatic;
				CURRENT_PROJECT_VERSION = 1;
				DEVELOPMENT_TEAM = W3V4BLJFW7;
				GENERATE_INFOPLIST_FILE = YES;
				MARKETING_VERSION = 1.0;
				PRODUCT_BUNDLE_IDENTIFIER = "vladimirsukhikh.Dynamic-Island---Custom-ProgressUITests";
				PRODUCT_NAME = "$(TARGET_NAME)";
				SWIFT_EMIT_LOC_STRINGS = NO;
				SWIFT_VERSION = 5.0;
				TARGETED_DEVICE_FAMILY = "1,2";
				TEST_TARGET_NAME = "Dynamic Island - Custom Progress";
			};
			name = Release;
		};
/* End XCBuildConfiguration section */

/* Begin XCConfigurationList section */
		8938BA3C28EF99F2009ADB45 /* Build configuration list for PBXProject "Dynamic Island - Custom Progress" */ = {
			isa = XCConfigurationList;
			buildConfigurations = (
				8938BA6328EF99F3009ADB45 /* Debug */,
				8938BA6428EF99F3009ADB45 /* Release */,
			);
			defaultConfigurationIsVisible = 0;
			defaultConfigurationName = Release;
		};
		8938BA6528EF99F3009ADB45 /* Build configuration list for PBXNativeTarget "Dynamic Island - Custom Progress" */ = {
			isa = XCConfigurationList;
			buildConfigurations = (
				8938BA6628EF99F3009ADB45 /* Debug */,
				8938BA6728EF99F3009ADB45 /* Release */,
			);
			defaultConfigurationIsVisible = 0;
			defaultConfigurationName = Release;
		};
		8938BA6828EF99F3009ADB45 /* Build configuration list for PBXNativeTarget "Dynamic Island - Custom ProgressTests" */ = {
			isa = XCConfigurationList;
			buildConfigurations = (
				8938BA6928EF99F3009ADB45 /* Debug */,
				8938BA6A28EF99F3009ADB45 /* Release */,
			);
			defaultConfigurationIsVisible = 0;
			defaultConfigurationName = Release;
		};
		8938BA6B28EF99F3009ADB45 /* Build configuration list for PBXNativeTarget "Dynamic Island - Custom ProgressUITests" */ = {
			isa = XCConfigurationList;
			buildConfigurations = (
				8938BA6C28EF99F3009ADB45 /* Debug */,
				8938BA6D28EF99F3009ADB45 /* Release */,
			);
			defaultConfigurationIsVisible = 0;
			defaultConfigurationName = Release;
		};
/* End XCConfigurationList section */
	};
	rootObject = 8938BA3928EF99F2009ADB45 /* Project object */;
}
